<?xml version="1.0" encoding="utf-8"?>
<Project ToolsVersion="4.0" xmlns="http://schemas.microsoft.com/developer/msbuild/2003">
  <ItemGroup>
    <ClCompile Include="Eje3.cpp" />
    <ClCompile Include="Eje4_playMultiplesArchivos.cpp" />
    <ClCompile Include="Eje5_playMultiplesEscribeEnVentana.cpp" />
    <ClCompile Include="Eje2.cpp" />
    <ClCompile Include="Demo1.cpp" />
  </ItemGroup>
</Project>