
Microsoft Visual Studio Solution File, Format Version 12.00
# Visual Studio Version 17
VisualStudioVersion = 17.3.32901.215
MinimumVisualStudioVersion = 10.0.40219.1
Project("{8BC9CEB8-8B4A-11D0-8D11-00A0C91BC942}") = "T05_Ejercicios", "T05_Ejercicios\T05_Ejercicios.vcxproj", "{1F1B9FB3-2668-42EA-B8D4-709171894E6D}"
EndProject
Project("{8BC9CEB8-8B4A-11D0-8D11-00A0C91BC942}") = "T05_LanzaEjercicios", "T05_LanzaEjercicios\T05_LanzaEjercicios.vcxproj", "{1D02F70D-791C-4FA0-9D34-6575659D6045}"
EndProject
Project("{8BC9CEB8-8B4A-11D0-8D11-00A0C91BC942}") = "T05-Ej_BuscaTextoEnArchivos", "T05-Ej_BuscaTextoEnArchivos\T05-Ej_BuscaTextoEnArchivos.vcxproj", "{9AB8388F-0BCF-4519-B6AD-74C4FEF3BEC4}"
EndProject
Project("{8BC9CEB8-8B4A-11D0-8D11-00A0C91BC942}") = "T05_LanzaChrome", "T05_LanzaChrome\T05_LanzaChrome.vcxproj", "{FF674647-9D82-4900-AF69-660846CB8296}"
EndProject
Global
	GlobalSection(SolutionConfigurationPlatforms) = preSolution
		Debug|Win32 = Debug|Win32
		Demo2.a|Win32 = Demo2.a|Win32
		Demo3|Win32 = Demo3|Win32
		Demo4|Win32 = Demo4|Win32
		Demo5|Win32 = Demo5|Win32
		Eje1|Win32 = Eje1|Win32
		Eje11|Win32 = Eje11|Win32
		Eje12|Win32 = Eje12|Win32
		Eje2-ThreadSimple|Win32 = Eje2-ThreadSimple|Win32
		Eje3|Win32 = Eje3|Win32
		Release|Win32 = Release|Win32
	EndGlobalSection
	GlobalSection(ProjectConfigurationPlatforms) = postSolution
		{1F1B9FB3-2668-42EA-B8D4-709171894E6D}.Debug|Win32.ActiveCfg = Debug|Win32
		{1F1B9FB3-2668-42EA-B8D4-709171894E6D}.Debug|Win32.Build.0 = Debug|Win32
		{1F1B9FB3-2668-42EA-B8D4-709171894E6D}.Demo2.a|Win32.ActiveCfg = Demo2.a|Win32
		{1F1B9FB3-2668-42EA-B8D4-709171894E6D}.Demo2.a|Win32.Build.0 = Demo2.a|Win32
		{1F1B9FB3-2668-42EA-B8D4-709171894E6D}.Demo3|Win32.ActiveCfg = Demo3|Win32
		{1F1B9FB3-2668-42EA-B8D4-709171894E6D}.Demo3|Win32.Build.0 = Demo3|Win32
		{1F1B9FB3-2668-42EA-B8D4-709171894E6D}.Demo4|Win32.ActiveCfg = Demo4|Win32
		{1F1B9FB3-2668-42EA-B8D4-709171894E6D}.Demo4|Win32.Build.0 = Demo4|Win32
		{1F1B9FB3-2668-42EA-B8D4-709171894E6D}.Demo5|Win32.ActiveCfg = Demo5|Win32
		{1F1B9FB3-2668-42EA-B8D4-709171894E6D}.Demo5|Win32.Build.0 = Demo5|Win32
		{1F1B9FB3-2668-42EA-B8D4-709171894E6D}.Eje1|Win32.ActiveCfg = Eje1|Win32
		{1F1B9FB3-2668-42EA-B8D4-709171894E6D}.Eje1|Win32.Build.0 = Eje1|Win32
		{1F1B9FB3-2668-42EA-B8D4-709171894E6D}.Eje11|Win32.ActiveCfg = Eje11|Win32
		{1F1B9FB3-2668-42EA-B8D4-709171894E6D}.Eje11|Win32.Build.0 = Eje11|Win32
		{1F1B9FB3-2668-42EA-B8D4-709171894E6D}.Eje12|Win32.ActiveCfg = Eje12|Win32
		{1F1B9FB3-2668-42EA-B8D4-709171894E6D}.Eje12|Win32.Build.0 = Eje12|Win32
		{1F1B9FB3-2668-42EA-B8D4-709171894E6D}.Eje2-ThreadSimple|Win32.ActiveCfg = Eje2-ThreadSimple|Win32
		{1F1B9FB3-2668-42EA-B8D4-709171894E6D}.Eje2-ThreadSimple|Win32.Build.0 = Eje2-ThreadSimple|Win32
		{1F1B9FB3-2668-42EA-B8D4-709171894E6D}.Eje3|Win32.ActiveCfg = Eje3-TerminateThreadError|Win32
		{1F1B9FB3-2668-42EA-B8D4-709171894E6D}.Eje3|Win32.Build.0 = Eje3-TerminateThreadError|Win32
		{1F1B9FB3-2668-42EA-B8D4-709171894E6D}.Release|Win32.ActiveCfg = Release|Win32
		{1F1B9FB3-2668-42EA-B8D4-709171894E6D}.Release|Win32.Build.0 = Release|Win32
		{1D02F70D-791C-4FA0-9D34-6575659D6045}.Debug|Win32.ActiveCfg = Debug|Win32
		{1D02F70D-791C-4FA0-9D34-6575659D6045}.Debug|Win32.Build.0 = Debug|Win32
		{1D02F70D-791C-4FA0-9D34-6575659D6045}.Demo2.a|Win32.ActiveCfg = Demo2.a|Win32
		{1D02F70D-791C-4FA0-9D34-6575659D6045}.Demo2.a|Win32.Build.0 = Demo2.a|Win32
		{1D02F70D-791C-4FA0-9D34-6575659D6045}.Demo3|Win32.ActiveCfg = Demo3|Win32
		{1D02F70D-791C-4FA0-9D34-6575659D6045}.Demo3|Win32.Build.0 = Demo3|Win32
		{1D02F70D-791C-4FA0-9D34-6575659D6045}.Demo4|Win32.ActiveCfg = Demo4|Win32
		{1D02F70D-791C-4FA0-9D34-6575659D6045}.Demo4|Win32.Build.0 = Demo4|Win32
		{1D02F70D-791C-4FA0-9D34-6575659D6045}.Demo5|Win32.ActiveCfg = Demo5|Win32
		{1D02F70D-791C-4FA0-9D34-6575659D6045}.Demo5|Win32.Build.0 = Demo5|Win32
		{1D02F70D-791C-4FA0-9D34-6575659D6045}.Eje1|Win32.ActiveCfg = Eje1|Win32
		{1D02F70D-791C-4FA0-9D34-6575659D6045}.Eje1|Win32.Build.0 = Eje1|Win32
		{1D02F70D-791C-4FA0-9D34-6575659D6045}.Eje11|Win32.ActiveCfg = Eje11|Win32
		{1D02F70D-791C-4FA0-9D34-6575659D6045}.Eje11|Win32.Build.0 = Eje11|Win32
		{1D02F70D-791C-4FA0-9D34-6575659D6045}.Eje12|Win32.ActiveCfg = Eje12|Win32
		{1D02F70D-791C-4FA0-9D34-6575659D6045}.Eje12|Win32.Build.0 = Eje12|Win32
		{1D02F70D-791C-4FA0-9D34-6575659D6045}.Eje2-ThreadSimple|Win32.ActiveCfg = Eje2-ThreadSimple|Win32
		{1D02F70D-791C-4FA0-9D34-6575659D6045}.Eje2-ThreadSimple|Win32.Build.0 = Eje2-ThreadSimple|Win32
		{1D02F70D-791C-4FA0-9D34-6575659D6045}.Eje3|Win32.ActiveCfg = Eje3-TerminateThreadError|Win32
		{1D02F70D-791C-4FA0-9D34-6575659D6045}.Eje3|Win32.Build.0 = Eje3-TerminateThreadError|Win32
		{1D02F70D-791C-4FA0-9D34-6575659D6045}.Release|Win32.ActiveCfg = Release|Win32
		{1D02F70D-791C-4FA0-9D34-6575659D6045}.Release|Win32.Build.0 = Release|Win32
		{9AB8388F-0BCF-4519-B6AD-74C4FEF3BEC4}.Debug|Win32.ActiveCfg = Debug|x64
		{9AB8388F-0BCF-4519-B6AD-74C4FEF3BEC4}.Debug|Win32.Build.0 = Debug|x64
		{9AB8388F-0BCF-4519-B6AD-74C4FEF3BEC4}.Demo2.a|Win32.ActiveCfg = Debug|x64
		{9AB8388F-0BCF-4519-B6AD-74C4FEF3BEC4}.Demo2.a|Win32.Build.0 = Debug|x64
		{9AB8388F-0BCF-4519-B6AD-74C4FEF3BEC4}.Demo3|Win32.ActiveCfg = Debug|x64
		{9AB8388F-0BCF-4519-B6AD-74C4FEF3BEC4}.Demo3|Win32.Build.0 = Debug|x64
		{9AB8388F-0BCF-4519-B6AD-74C4FEF3BEC4}.Demo4|Win32.ActiveCfg = Debug|x64
		{9AB8388F-0BCF-4519-B6AD-74C4FEF3BEC4}.Demo4|Win32.Build.0 = Debug|x64
		{9AB8388F-0BCF-4519-B6AD-74C4FEF3BEC4}.Demo5|Win32.ActiveCfg = Debug|x64
		{9AB8388F-0BCF-4519-B6AD-74C4FEF3BEC4}.Demo5|Win32.Build.0 = Debug|x64
		{9AB8388F-0BCF-4519-B6AD-74C4FEF3BEC4}.Eje1|Win32.ActiveCfg = Debug|x64
		{9AB8388F-0BCF-4519-B6AD-74C4FEF3BEC4}.Eje1|Win32.Build.0 = Debug|x64
		{9AB8388F-0BCF-4519-B6AD-74C4FEF3BEC4}.Eje11|Win32.ActiveCfg = Debug|x64
		{9AB8388F-0BCF-4519-B6AD-74C4FEF3BEC4}.Eje11|Win32.Build.0 = Debug|x64
		{9AB8388F-0BCF-4519-B6AD-74C4FEF3BEC4}.Eje12|Win32.ActiveCfg = Debug|x64
		{9AB8388F-0BCF-4519-B6AD-74C4FEF3BEC4}.Eje12|Win32.Build.0 = Debug|x64
		{9AB8388F-0BCF-4519-B6AD-74C4FEF3BEC4}.Eje2-ThreadSimple|Win32.ActiveCfg = Debug|x64
		{9AB8388F-0BCF-4519-B6AD-74C4FEF3BEC4}.Eje2-ThreadSimple|Win32.Build.0 = Debug|x64
		{9AB8388F-0BCF-4519-B6AD-74C4FEF3BEC4}.Eje3|Win32.ActiveCfg = Debug|x64
		{9AB8388F-0BCF-4519-B6AD-74C4FEF3BEC4}.Eje3|Win32.Build.0 = Debug|x64
		{9AB8388F-0BCF-4519-B6AD-74C4FEF3BEC4}.Release|Win32.ActiveCfg = Release|x64
		{9AB8388F-0BCF-4519-B6AD-74C4FEF3BEC4}.Release|Win32.Build.0 = Release|x64
		{FF674647-9D82-4900-AF69-660846CB8296}.Debug|Win32.ActiveCfg = Debug|Win32
		{FF674647-9D82-4900-AF69-660846CB8296}.Debug|Win32.Build.0 = Debug|Win32
		{FF674647-9D82-4900-AF69-660846CB8296}.Demo2.a|Win32.ActiveCfg = Release|Win32
		{FF674647-9D82-4900-AF69-660846CB8296}.Demo2.a|Win32.Build.0 = Release|Win32
		{FF674647-9D82-4900-AF69-660846CB8296}.Demo3|Win32.ActiveCfg = Release|Win32
		{FF674647-9D82-4900-AF69-660846CB8296}.Demo3|Win32.Build.0 = Release|Win32
		{FF674647-9D82-4900-AF69-660846CB8296}.Demo4|Win32.ActiveCfg = Release|Win32
		{FF674647-9D82-4900-AF69-660846CB8296}.Demo4|Win32.Build.0 = Release|Win32
		{FF674647-9D82-4900-AF69-660846CB8296}.Demo5|Win32.ActiveCfg = Release|Win32
		{FF674647-9D82-4900-AF69-660846CB8296}.Demo5|Win32.Build.0 = Release|Win32
		{FF674647-9D82-4900-AF69-660846CB8296}.Eje1|Win32.ActiveCfg = Debug|Win32
		{FF674647-9D82-4900-AF69-660846CB8296}.Eje1|Win32.Build.0 = Debug|Win32
		{FF674647-9D82-4900-AF69-660846CB8296}.Eje11|Win32.ActiveCfg = Debug|Win32
		{FF674647-9D82-4900-AF69-660846CB8296}.Eje11|Win32.Build.0 = Debug|Win32
		{FF674647-9D82-4900-AF69-660846CB8296}.Eje12|Win32.ActiveCfg = Debug|Win32
		{FF674647-9D82-4900-AF69-660846CB8296}.Eje12|Win32.Build.0 = Debug|Win32
		{FF674647-9D82-4900-AF69-660846CB8296}.Eje2-ThreadSimple|Win32.ActiveCfg = Release|Win32
		{FF674647-9D82-4900-AF69-660846CB8296}.Eje2-ThreadSimple|Win32.Build.0 = Release|Win32
		{FF674647-9D82-4900-AF69-660846CB8296}.Eje3|Win32.ActiveCfg = Debug|Win32
		{FF674647-9D82-4900-AF69-660846CB8296}.Eje3|Win32.Build.0 = Debug|Win32
		{FF674647-9D82-4900-AF69-660846CB8296}.Release|Win32.ActiveCfg = Release|Win32
		{FF674647-9D82-4900-AF69-660846CB8296}.Release|Win32.Build.0 = Release|Win32
	EndGlobalSection
	GlobalSection(SolutionProperties) = preSolution
		HideSolutionNode = FALSE
	EndGlobalSection
	GlobalSection(ExtensibilityGlobals) = postSolution
		SolutionGuid = {441C62CF-0EB0-44D8-B51C-BF63972EF3FC}
		VisualSVNWorkingCopyRoot = ..\..\..
	EndGlobalSection
EndGlobal
